<Solution>
  <Folder Name="/src/">
    <Project Path="src/vCamService.App/vCamService.App.csproj" />
    <Project Path="src/vCamService.Core/vCamService.Core.csproj" />
    <Project Path="src/vCamService.VCam/vCamService.VCam.csproj">
      <Platform Project="x64" />
    </Project>
  </Folder>
  <Folder Name="/tests/">
    <Project Path="tests/vCamService.Tests/vCamService.Tests.csproj" />
  </Folder>
</Solution>
